// !$*UTF8*$!
{
	archiveVersion = 1;
	classes = {
	};
	objectVersion = 90;
	objects = {

/* Begin PBXAggregateTarget section */
		AA0000000000000000000110 /* Install Wallpaper Extension */ = {
			isa = PBXAggregateTarget;
			buildConfigurationList = AA0000000000000000000112 /* Build configuration list for PBXAggregateTarget "Install Wallpaper Extension" */;
			buildPhases = (
				AA0000000000000000000111 /* Install for development */,
			);
			dependencies = (
				AA0000000000000000000116 /* PBXTargetDependency */,
			);
			name = "Install Wallpaper Extension";
			productName = "Install Wallpaper Extension";
		};
/* End PBXAggregateTarget section */

/* Begin PBXBuildFile section */
		AA0000000000000000000013 /* PhotoGoRoundAgentAPI in Frameworks */ = {isa = PBXBuildFile; productRef = AA0000000000000000000011 /* PhotoGoRoundAgentAPI */; };
		AA0000000000000000000014 /* PhotoGoRoundDisplay in Frameworks */ = {isa = PBXBuildFile; productRef = AA0000000000000000000012 /* PhotoGoRoundDisplay */; };
		AA00000000000000000000A9 /* PhotoGoRoundAgentAPI in Frameworks */ = {isa = PBXBuildFile; productRef = AA00000000000000000000AB /* PhotoGoRoundAgentAPI */; };
		AA00000000000000000000AA /* PhotoGoRoundDisplay in Frameworks */ = {isa = PBXBuildFile; productRef = AA00000000000000000000AC /* PhotoGoRoundDisplay */; };
		AA00000000000000000000C9 /* PhotoGoRoundAgentAPI in Frameworks */ = {isa = PBXBuildFile; productRef = AA00000000000000000000CC /* PhotoGoRoundAgentAPI */; };
		AA00000000000000000000CA /* PhotoGoRoundKit in Frameworks */ = {isa = PBXBuildFile; productRef = AA00000000000000000000CD /* PhotoGoRoundKit */; };
		AA00000000000000000000CB /* Console in Frameworks */ = {isa = PBXBuildFile; productRef = AA00000000000000000000CE /* Console */; };
		AA00000000000000000000D9 /* PhotoGoRoundAgentAPI in Frameworks */ = {isa = PBXBuildFile; productRef = AA00000000000000000000DC /* PhotoGoRoundAgentAPI */; };
		AA00000000000000000000DA /* PhotoGoRoundKit in Frameworks */ = {isa = PBXBuildFile; productRef = AA00000000000000000000DD /* PhotoGoRoundKit */; };
		AA00000000000000000000DB /* Console in Frameworks */ = {isa = PBXBuildFile; productRef = AA00000000000000000000DE /* Console */; };
		AA000000000000000000030A /* PhotoGoRoundInstall in Frameworks */ = {isa = PBXBuildFile; productRef = AA000000000000000000030C /* PhotoGoRoundInstall */; };
		AA000000000000000000030B /* Console in Frameworks */ = {isa = PBXBuildFile; productRef = AA000000000000000000030D /* Console */; };
		AA00000000000000000000E9 /* PhotoGoRoundAgentAPI in Frameworks */ = {isa = PBXBuildFile; productRef = AA00000000000000000000EB /* PhotoGoRoundAgentAPI */; };
		AA00000000000000000000EA /* PhotoGoRoundDisplay in Frameworks */ = {isa = PBXBuildFile; productRef = AA00000000000000000000EC /* PhotoGoRoundDisplay */; };
		AA00000000000000000000FE /* Photo-Go-Round Wallpaper.appex in Embed ExtensionKit Extensions */ = {isa = PBXBuildFile; fileRef = AA00000000000000000000E1 /* Photo-Go-Round Wallpaper.appex */; settings = {ATTRIBUTES = (RemoveHeadersOnCopy, ); }; };
		AA0000000000000000000A02 /* PhotoGoRoundDisplay in Frameworks */ = {isa = PBXBuildFile; productRef = AA0000000000000000000A03 /* PhotoGoRoundDisplay */; };
/* End PBXBuildFile section */

/* Begin PBXContainerItemProxy section */
		AA0000000000000000000067 /* PBXContainerItemProxy */ = {
			isa = PBXContainerItemProxy;
			containerPortal = 000000000000000000000000 /* Project object */;
			proxyType = 1;
			remoteGlobalIDString = 000000000000000100000000;
			remoteInfo = "Photo-Go-Round";
		};
		AA00000000000000000000FF /* PBXContainerItemProxy */ = {
			isa = PBXContainerItemProxy;
			containerPortal = 000000000000000000000000 /* Project object */;
			proxyType = 1;
			remoteGlobalIDString = AA00000000000000000000E0;
			remoteInfo = "Photo-Go-Round Wallpaper";
		};
		AA0000000000000000000115 /* PBXContainerItemProxy */ = {
			isa = PBXContainerItemProxy;
			containerPortal = 000000000000000000000000 /* Project object */;
			proxyType = 1;
			remoteGlobalIDString = AA00000000000000000000F0;
			remoteInfo = "Photo-Go-Round Wallpaper Host";
		};
/* End PBXContainerItemProxy section */

/* Begin PBXCopyFilesBuildPhase section */
		AA00000000000000000000FD /* Embed ExtensionKit Extensions */ = {
			isa = PBXCopyFilesBuildPhase;
			dstPath = "$(CONTENTS_FOLDER_PATH)/Extensions";
			dstSubfolder = Product;
			files = (
				AA00000000000000000000FE /* Photo-Go-Round Wallpaper.appex in Embed ExtensionKit Extensions */,
			);
			name = "Embed ExtensionKit Extensions";
		};
/* End PBXCopyFilesBuildPhase section */

/* Begin PBXFileReference section */
		000000000000000000000120 /* Photo-Go-Round.app */ = {isa = PBXFileReference; explicitFileType = wrapper.application; includeInIndex = 0; path = "Photo-Go-Round.app"; sourceTree = BUILT_PRODUCTS_DIR; };
		AA0000000000000000000030 /* Version.xcconfig */ = {isa = PBXFileReference; lastKnownFileType = text.xcconfig; path = Version.xcconfig; sourceTree = "<group>"; };
		AA0000000000000000000060 /* Photo-Go-RoundTests.xctest */ = {isa = PBXFileReference; explicitFileType = wrapper.cfbundle; includeInIndex = 0; path = "Photo-Go-RoundTests.xctest"; sourceTree = BUILT_PRODUCTS_DIR; };
		AA0000000000000000000082 /* FEATURES.md */ = {isa = PBXFileReference; lastKnownFileType = net.daringfireball.markdown; path = FEATURES.md; sourceTree = "<group>"; };
		AA00000000000000000000A1 /* Photo-Go-Round Screensaver.saver */ = {isa = PBXFileReference; explicitFileType = wrapper.cfbundle; includeInIndex = 0; path = "Photo-Go-Round Screensaver.saver"; sourceTree = BUILT_PRODUCTS_DIR; };
		AA00000000000000000000C1 /* Photo-Go-Round Server.app */ = {isa = PBXFileReference; explicitFileType = wrapper.application; includeInIndex = 0; path = "Photo-Go-Round Server.app"; sourceTree = BUILT_PRODUCTS_DIR; };
		AA00000000000000000000D1 /* pgr_ctl */ = {isa = PBXFileReference; explicitFileType = "compiled.mach-o.executable"; includeInIndex = 0; path = pgr_ctl; sourceTree = BUILT_PRODUCTS_DIR; };
		AA0000000000000000000301 /* pgr_install */ = {isa = PBXFileReference; explicitFileType = "compiled.mach-o.executable"; includeInIndex = 0; path = pgr_install; sourceTree = BUILT_PRODUCTS_DIR; };
		AA00000000000000000000E1 /* Photo-Go-Round Wallpaper.appex */ = {isa = PBXFileReference; explicitFileType = "wrapper.extensionkit-extension"; includeInIndex = 0; path = "Photo-Go-Round Wallpaper.appex"; sourceTree = BUILT_PRODUCTS_DIR; };
		AA00000000000000000000F1 /* Photo-Go-Round Wallpaper Host.app */ = {isa = PBXFileReference; explicitFileType = wrapper.application; includeInIndex = 0; path = "Photo-Go-Round Wallpaper Host.app"; sourceTree = BUILT_PRODUCTS_DIR; };
/* End PBXFileReference section */

/* Begin PBXFileSystemSynchronizedRootGroup section */
		AA0000000000000000000061 /* tests */ = {
			isa = PBXFileSystemSynchronizedRootGroup;
			path = tests;
			sourceTree = "<group>";
		};
		AA0000000000000000000081 /* Sources */ = {
			isa = PBXFileSystemSynchronizedRootGroup;
			name = Sources;
			path = mac/Sources;
			sourceTree = "<group>";
		};
		AA00000000000000000000A5 /* Sources */ = {
			isa = PBXFileSystemSynchronizedRootGroup;
			name = Sources;
			path = saver/Sources;
			sourceTree = "<group>";
		};
		AA00000000000000000000C5 /* photogoroundd */ = {
			isa = PBXFileSystemSynchronizedRootGroup;
			name = photogoroundd;
			path = ../Sources/photogoroundd;
			sourceTree = "<group>";
		};
		AA00000000000000000000D5 /* pgr_ctl */ = {
			isa = PBXFileSystemSynchronizedRootGroup;
			name = pgr_ctl;
			path = ../Sources/pgr_ctl;
			sourceTree = "<group>";
		};
		AA0000000000000000000305 /* pgr_install */ = {
			isa = PBXFileSystemSynchronizedRootGroup;
			name = pgr_install;
			path = ../Sources/pgr_install;
			sourceTree = "<group>";
		};
		AA00000000000000000000E5 /* Sources */ = {
			isa = PBXFileSystemSynchronizedRootGroup;
			name = Sources;
			path = "wallpaper-extension/Sources";
			sourceTree = "<group>";
		};
		AA00000000000000000000F5 /* Sources */ = {
			isa = PBXFileSystemSynchronizedRootGroup;
			name = Sources;
			path = "wallpaper-host/Sources";
			sourceTree = "<group>";
		};
/* End PBXFileSystemSynchronizedRootGroup section */

/* Begin PBXFrameworksBuildPhase section */
		000000000000000130000000 /* Frameworks */ = {
			isa = PBXFrameworksBuildPhase;
			files = (
				AA0000000000000000000013 /* PhotoGoRoundAgentAPI in Frameworks */,
				AA0000000000000000000014 /* PhotoGoRoundDisplay in Frameworks */,
			);
		};
		AA00000000000000000000A3 /* Frameworks */ = {
			isa = PBXFrameworksBuildPhase;
			files = (
				AA00000000000000000000A9 /* PhotoGoRoundAgentAPI in Frameworks */,
				AA00000000000000000000AA /* PhotoGoRoundDisplay in Frameworks */,
			);
		};
		AA00000000000000000000C3 /* Frameworks */ = {
			isa = PBXFrameworksBuildPhase;
			files = (
				AA00000000000000000000C9 /* PhotoGoRoundAgentAPI in Frameworks */,
				AA00000000000000000000CA /* PhotoGoRoundKit in Frameworks */,
				AA00000000000000000000CB /* Console in Frameworks */,
			);
		};
		AA00000000000000000000D3 /* Frameworks */ = {
			isa = PBXFrameworksBuildPhase;
			files = (
				AA00000000000000000000D9 /* PhotoGoRoundAgentAPI in Frameworks */,
				AA00000000000000000000DA /* PhotoGoRoundKit in Frameworks */,
				AA00000000000000000000DB /* Console in Frameworks */,
				AA0000000000000000000A02 /* PhotoGoRoundDisplay in Frameworks */,
			);
		};
		AA0000000000000000000303 /* Frameworks */ = {
			isa = PBXFrameworksBuildPhase;
			files = (
				AA000000000000000000030A /* PhotoGoRoundInstall in Frameworks */,
				AA000000000000000000030B /* Console in Frameworks */,
			);
		};
		AA00000000000000000000E3 /* Frameworks */ = {
			isa = PBXFrameworksBuildPhase;
			files = (
				AA00000000000000000000E9 /* PhotoGoRoundAgentAPI in Frameworks */,
				AA00000000000000000000EA /* PhotoGoRoundDisplay in Frameworks */,
			);
		};
		AA00000000000000000000F3 /* Frameworks */ = {
			isa = PBXFrameworksBuildPhase;
			files = (
			);
		};
/* End PBXFrameworksBuildPhase section */

/* Begin PBXGroup section */
		000000000000000000000001 = {
			isa = PBXGroup;
			children = (
				AA0000000000000000000031 /* Config */,
				62C4AE00303557B800A88363 /* mac */,
				AA0000000000000000000081 /* Sources */,
				AA00000000000000000000A5 /* Sources */,
				AA00000000000000000000C5 /* photogoroundd */,
				AA00000000000000000000D5 /* pgr_ctl */,
				AA0000000000000000000305 /* pgr_install */,
				AA00000000000000000000E5 /* Sources */,
				AA00000000000000000000F5 /* Sources */,
				AA0000000000000000000061 /* tests */,
				000000000000000000000020 /* Products */,
			);
			sourceTree = "<group>";
		};
		000000000000000000000020 /* Products */ = {
			isa = PBXGroup;
			children = (
				000000000000000000000120 /* Photo-Go-Round.app */,
				AA0000000000000000000060 /* Photo-Go-RoundTests.xctest */,
				AA00000000000000000000A1 /* Photo-Go-Round Screensaver.saver */,
				AA00000000000000000000C1 /* Photo-Go-Round Server.app */,
				AA00000000000000000000D1 /* pgr_ctl */,
				AA0000000000000000000301 /* pgr_install */,
				AA00000000000000000000E1 /* Photo-Go-Round Wallpaper.appex */,
				AA00000000000000000000F1 /* Photo-Go-Round Wallpaper Host.app */,
			);
			name = Products;
			sourceTree = "<group>";
		};
		62C4AE00303557B800A88363 /* mac */ = {
			isa = PBXGroup;
			children = (
				AA0000000000000000000082 /* FEATURES.md */,
			);
			path = mac;
			sourceTree = "<group>";
		};
		AA0000000000000000000031 /* Config */ = {
			isa = PBXGroup;
			children = (
				AA0000000000000000000030 /* Version.xcconfig */,
			);
			path = Config;
			sourceTree = "<group>";
		};
/* End PBXGroup section */

/* Begin PBXNativeTarget section */
		000000000000000100000000 /* Photo-Go-Round */ = {
			isa = PBXNativeTarget;
			buildConfigurationList = 000000000000000110000000 /* Build configuration list for PBXNativeTarget "Photo-Go-Round" */;
			buildPhases = (
				000000000000000120000000 /* Sources */,
				000000000000000130000000 /* Frameworks */,
				000000000000000140000000 /* Resources */,
			);
			buildRules = (
			);
			fileSystemSynchronizedGroups = (
				AA0000000000000000000081 /* Sources */,
			);
			name = "Photo-Go-Round";
			packageProductDependencies = (
				AA0000000000000000000011 /* PhotoGoRoundAgentAPI */,
				AA0000000000000000000012 /* PhotoGoRoundDisplay */,
			);
			productName = "Photo-Go-Round";
			productReference = 000000000000000000000120 /* Photo-Go-Round.app */;
			productType = "com.apple.product-type.application";
		};
		AA0000000000000000000063 /* Photo-Go-RoundTests */ = {
			isa = PBXNativeTarget;
			buildConfigurationList = AA0000000000000000000064 /* Build configuration list for PBXNativeTarget "Photo-Go-RoundTests" */;
			buildPhases = (
				AA0000000000000000000062 /* Sources */,
			);
			buildRules = (
			);
			dependencies = (
				AA0000000000000000000066 /* PBXTargetDependency */,
			);
			fileSystemSynchronizedGroups = (
				AA0000000000000000000061 /* tests */,
			);
			name = "Photo-Go-RoundTests";
			productName = "Photo-Go-RoundTests";
			productReference = AA0000000000000000000060 /* Photo-Go-RoundTests.xctest */;
			productType = "com.apple.product-type.bundle.unit-test";
		};
		AA00000000000000000000A0 /* Photo-Go-Round Saver */ = {
			isa = PBXNativeTarget;
			buildConfigurationList = AA00000000000000000000A6 /* Build configuration list for PBXNativeTarget "Photo-Go-Round Saver" */;
			buildPhases = (
				AA00000000000000000000A2 /* Sources */,
				AA00000000000000000000A3 /* Frameworks */,
				AA00000000000000000000A4 /* Resources */,
			);
			buildRules = (
			);
			fileSystemSynchronizedGroups = (
				AA00000000000000000000A5 /* Sources */,
			);
			name = "Photo-Go-Round Saver";
			packageProductDependencies = (
				AA00000000000000000000AB /* PhotoGoRoundAgentAPI */,
				AA00000000000000000000AC /* PhotoGoRoundDisplay */,
			);
			productName = "Photo-Go-Round Saver";
			productReference = AA00000000000000000000A1 /* Photo-Go-Round Screensaver.saver */;
			productType = "com.apple.product-type.bundle";
		};
		AA00000000000000000000C0 /* Photo-Go-Round Server */ = {
			isa = PBXNativeTarget;
			buildConfigurationList = AA00000000000000000000C6 /* Build configuration list for PBXNativeTarget "Photo-Go-Round Server" */;
			buildPhases = (
				AA00000000000000000000C2 /* Sources */,
				AA00000000000000000000C3 /* Frameworks */,
				AA00000000000000000000C4 /* Resources */,
			);
			buildRules = (
			);
			fileSystemSynchronizedGroups = (
				AA00000000000000000000C5 /* photogoroundd */,
			);
			name = "Photo-Go-Round Server";
			packageProductDependencies = (
				AA00000000000000000000CC /* PhotoGoRoundAgentAPI */,
				AA00000000000000000000CD /* PhotoGoRoundKit */,
				AA00000000000000000000CE /* Console */,
			);
			productName = "Photo-Go-Round Server";
			productReference = AA00000000000000000000C1 /* Photo-Go-Round Server.app */;
			productType = "com.apple.product-type.application";
		};
		AA0000000000000000000300 /* pgr_install */ = {
			isa = PBXNativeTarget;
			buildConfigurationList = AA0000000000000000000306 /* Build configuration list for PBXNativeTarget "pgr_install" */;
			buildPhases = (
				AA0000000000000000000302 /* Sources */,
				AA0000000000000000000303 /* Frameworks */,
			);
			buildRules = (
			);
			fileSystemSynchronizedGroups = (
				AA0000000000000000000305 /* pgr_install */,
			);
			name = pgr_install;
			packageProductDependencies = (
				AA000000000000000000030C /* PhotoGoRoundInstall */,
				AA000000000000000000030D /* Console */,
			);
			productName = pgr_install;
			productReference = AA0000000000000000000301 /* pgr_install */;
			productType = "com.apple.product-type.tool";
		};
		AA00000000000000000000D0 /* pgr_ctl */ = {
			isa = PBXNativeTarget;
			buildConfigurationList = AA00000000000000000000D6 /* Build configuration list for PBXNativeTarget "pgr_ctl" */;
			buildPhases = (
				AA00000000000000000000D2 /* Sources */,
				AA00000000000000000000D3 /* Frameworks */,
			);
			buildRules = (
			);
			fileSystemSynchronizedGroups = (
				AA00000000000000000000D5 /* pgr_ctl */,
			);
			name = pgr_ctl;
			packageProductDependencies = (
				AA00000000000000000000DC /* PhotoGoRoundAgentAPI */,
				AA00000000000000000000DD /* PhotoGoRoundKit */,
				AA00000000000000000000DE /* Console */,
				AA0000000000000000000A03 /* PhotoGoRoundDisplay */,
			);
			productName = pgr_ctl;
			productReference = AA00000000000000000000D1 /* pgr_ctl */;
			productType = "com.apple.product-type.tool";
		};
		AA00000000000000000000E0 /* Photo-Go-Round Wallpaper */ = {
			isa = PBXNativeTarget;
			buildConfigurationList = AA00000000000000000000E6 /* Build configuration list for PBXNativeTarget "Photo-Go-Round Wallpaper" */;
			buildPhases = (
				AA00000000000000000000E2 /* Sources */,
				AA00000000000000000000E3 /* Frameworks */,
			);
			buildRules = (
			);
			fileSystemSynchronizedGroups = (
				AA00000000000000000000E5 /* Sources */,
			);
			name = "Photo-Go-Round Wallpaper";
			packageProductDependencies = (
				AA00000000000000000000EB /* PhotoGoRoundAgentAPI */,
				AA00000000000000000000EC /* PhotoGoRoundDisplay */,
			);
			productName = "Photo-Go-Round Wallpaper";
			productReference = AA00000000000000000000E1 /* Photo-Go-Round Wallpaper.appex */;
			productType = "com.apple.product-type.extensionkit-extension";
		};
		AA00000000000000000000F0 /* Photo-Go-Round Wallpaper Host */ = {
			isa = PBXNativeTarget;
			buildConfigurationList = AA00000000000000000000F6 /* Build configuration list for PBXNativeTarget "Photo-Go-Round Wallpaper Host" */;
			buildPhases = (
				AA00000000000000000000F2 /* Sources */,
				AA00000000000000000000F3 /* Frameworks */,
				AA00000000000000000000FD /* Embed ExtensionKit Extensions */,
			);
			buildRules = (
			);
			dependencies = (
				AA0000000000000000000100 /* PBXTargetDependency */,
			);
			fileSystemSynchronizedGroups = (
				AA00000000000000000000F5 /* Sources */,
			);
			name = "Photo-Go-Round Wallpaper Host";
			productName = "Photo-Go-Round Wallpaper Host";
			productReference = AA00000000000000000000F1 /* Photo-Go-Round Wallpaper Host.app */;
			productType = "com.apple.product-type.application";
		};
/* End PBXNativeTarget section */

/* Begin PBXProject section */
		000000000000000000000000 /* Project object */ = {
			isa = PBXProject;
			attributes = {
				BuildIndependentTargetsInParallel = 1;
				LastSwiftUpdateCheck = 2630;
				LastUpgradeCheck = 2700;
				TargetAttributes = {
					000000000000000100000000 = {
						CreatedOnToolsVersion = 26.3;
					};
				};
			};
			buildConfigurationList = 000000000000000010000000 /* Build configuration list for PBXProject "Photo-Go-Round" */;
			developmentRegion = en;
			hasScannedForEncodings = 0;
			knownRegions = (
				en,
				Base,
			);
			mainGroup = 000000000000000000000001;
			minimizedProjectReferenceProxies = 1;
			packageReferences = (
				AA0000000000000000000010 /* XCLocalSwiftPackageReference ".." */,
			);
			preferredProjectObjectVersion = 90;
			productRefGroup = 000000000000000000000020 /* Products */;
			projectDirPath = "";
			projectRoot = "";
			targets = (
				AA0000000000000000000110 /* Install Wallpaper Extension */,
				AA00000000000000000000D0 /* pgr_ctl */,
				AA0000000000000000000300 /* pgr_install */,
				000000000000000100000000 /* Photo-Go-Round */,
				AA00000000000000000000A0 /* Photo-Go-Round Saver */,
				AA00000000000000000000C0 /* Photo-Go-Round Server */,
				AA00000000000000000000E0 /* Photo-Go-Round Wallpaper */,
				AA00000000000000000000F0 /* Photo-Go-Round Wallpaper Host */,
				AA0000000000000000000063 /* Photo-Go-RoundTests */,
			);
		};
/* End PBXProject section */

/* Begin PBXResourcesBuildPhase section */
		000000000000000140000000 /* Resources */ = {
			isa = PBXResourcesBuildPhase;
			files = (
			);
		};
		AA00000000000000000000A4 /* Resources */ = {
			isa = PBXResourcesBuildPhase;
			files = (
			);
		};
		AA00000000000000000000C4 /* Resources */ = {
			isa = PBXResourcesBuildPhase;
			files = (
			);
		};
/* End PBXResourcesBuildPhase section */

/* Begin PBXShellScriptBuildPhase section */
		AA0000000000000000000111 /* Install for development */ = {
			isa = PBXShellScriptBuildPhase;
			alwaysOutOfDate = 1;
			name = "Install for development";
			shellPath = /bin/bash;
			shellScript = (
				"# Registers the wallpaper extension from the host this target depends on.",
				"#",
				"# A target of its own, not a phase on the host: a Run Script phase always",
				"# runs before its own target is signed, and pkd refuses an appex inside an",
				"# unsigned bundle — \"plug-ins outside containing apps must be protected by",
				"# SIP\". Measured 2026-09-15. See Build Plan.md.",
				"if [ \"${CONFIGURATION}\" != \"Debug\" ]; then",
				"    echo \"note: not installing in ${CONFIGURATION}; release installs from the app wrapper\"",
				"    exit 0",
				"fi",
				"APPEX=\"${BUILT_PRODUCTS_DIR}/Photo-Go-Round Wallpaper Host.app/Contents/Extensions/Photo-Go-Round Wallpaper.appex\"",
				"\"${SRCROOT}/../Scripts/install-wallpaper-extension.sh\" \"${APPEX}\"",
				"",
			);
		};
/* End PBXShellScriptBuildPhase section */

/* Begin PBXSourcesBuildPhase section */
		000000000000000120000000 /* Sources */ = {
			isa = PBXSourcesBuildPhase;
			files = (
			);
		};
		AA0000000000000000000062 /* Sources */ = {
			isa = PBXSourcesBuildPhase;
			files = (
			);
		};
		AA00000000000000000000A2 /* Sources */ = {
			isa = PBXSourcesBuildPhase;
			files = (
			);
		};
		AA00000000000000000000C2 /* Sources */ = {
			isa = PBXSourcesBuildPhase;
			files = (
			);
		};
		AA00000000000000000000D2 /* Sources */ = {
			isa = PBXSourcesBuildPhase;
			files = (
			);
		};
		AA0000000000000000000302 /* Sources */ = {
			isa = PBXSourcesBuildPhase;
			files = (
			);
		};
		AA00000000000000000000E2 /* Sources */ = {
			isa = PBXSourcesBuildPhase;
			files = (
			);
		};
		AA00000000000000000000F2 /* Sources */ = {
			isa = PBXSourcesBuildPhase;
			files = (
			);
		};
/* End PBXSourcesBuildPhase section */

/* Begin PBXTargetDependency section */
		AA0000000000000000000066 /* PBXTargetDependency */ = {
			isa = PBXTargetDependency;
			target = 000000000000000100000000 /* Photo-Go-Round */;
			targetProxy = AA0000000000000000000067 /* PBXContainerItemProxy */;
		};
		AA0000000000000000000100 /* PBXTargetDependency */ = {
			isa = PBXTargetDependency;
			target = AA00000000000000000000E0 /* Photo-Go-Round Wallpaper */;
			targetProxy = AA00000000000000000000FF /* PBXContainerItemProxy */;
		};
		AA0000000000000000000116 /* PBXTargetDependency */ = {
			isa = PBXTargetDependency;
			target = AA00000000000000000000F0 /* Photo-Go-Round Wallpaper Host */;
			targetProxy = AA0000000000000000000115 /* PBXContainerItemProxy */;
		};
/* End PBXTargetDependency section */

/* Begin XCBuildConfiguration section */
		000000000000000011000000 /* Debug configuration for PBXProject "Photo-Go-Round" */ = {
			isa = XCBuildConfiguration;
			baseConfigurationReference = AA0000000000000000000030 /* Version.xcconfig */;
			buildSettings = {
				ALWAYS_SEARCH_USER_PATHS = NO;
				APPLETVOS_DEPLOYMENT_TARGET = 27.0;
				ASSETCATALOG_COMPILER_GENERATE_SWIFT_ASSET_SYMBOL_EXTENSIONS = YES;
				CLANG_ANALYZER_NONNULL = YES;
				CLANG_ANALYZER_NUMBER_OBJECT_CONVERSION = YES_AGGRESSIVE;
				CLANG_CXX_LANGUAGE_STANDARD = "gnu++20";
				CLANG_CXX_STANDARD_LIBRARY_HARDENING = "";
				CLANG_ENABLE_MODULES = YES;
				CLANG_ENABLE_OBJC_ARC = YES;
				CLANG_ENABLE_OBJC_WEAK = YES;
				CLANG_WARN_BLOCK_CAPTURE_AUTORELEASING = YES;
				CLANG_WARN_BOOL_CONVERSION = YES;
				CLANG_WARN_COMMA = YES;
				CLANG_WARN_CONSTANT_CONVERSION = YES;
				CLANG_WARN_DEPRECATED_OBJC_IMPLEMENTATIONS = YES;
				CLANG_WARN_DIRECT_OBJC_ISA_USAGE = YES_ERROR;
				CLANG_WARN_DOCUMENTATION_COMMENTS = YES;
				CLANG_WARN_EMPTY_BODY = YES;
				CLANG_WARN_ENUM_CONVERSION = YES;
				CLANG_WARN_INFINITE_RECURSION = YES;
				CLANG_WARN_INT_CONVERSION = YES;
				CLANG_WARN_NON_LITERAL_NULL_CONVERSION = YES;
				CLANG_WARN_OBJC_IMPLICIT_RETAIN_SELF = YES;
				CLANG_WARN_OBJC_LITERAL_CONVERSION = YES;
				CLANG_WARN_OBJC_ROOT_CLASS = YES_ERROR;
				CLANG_WARN_QUOTED_INCLUDE_IN_FRAMEWORK_HEADER = YES;
				CLANG_WARN_RANGE_LOOP_ANALYSIS = YES;
				CLANG_WARN_STRICT_PROTOTYPES = YES;
				CLANG_WARN_SUSPICIOUS_MOVE = YES;
				CLANG_WARN_UNGUARDED_AVAILABILITY = YES_AGGRESSIVE;
				CLANG_WARN_UNREACHABLE_CODE = YES;
				CLANG_WARN__DUPLICATE_METHOD_MATCH = YES;
				COPY_PHASE_STRIP = NO;
				DEAD_CODE_STRIPPING = YES;
				DEBUG_INFORMATION_FORMAT = dwarf;
				DRIVERKIT_DEPLOYMENT_TARGET = 27.0;
				ENABLE_STRICT_OBJC_MSGSEND = YES;
				ENABLE_TESTABILITY = YES;
				ENABLE_USER_SCRIPT_SANDBOXING = YES;
				GCC_C_LANGUAGE_STANDARD = gnu17;
				GCC_DYNAMIC_NO_PIC = NO;
				GCC_NO_COMMON_BLOCKS = YES;
				GCC_OPTIMIZATION_LEVEL = 0;
				GCC_PREPROCESSOR_DEFINITIONS = (
					"DEBUG=1",
					"$(inherited)",
				);
				GCC_WARN_64_TO_32_BIT_CONVERSION = YES;
				GCC_WARN_ABOUT_RETURN_TYPE = YES_ERROR;
				GCC_WARN_UNDECLARED_SELECTOR = YES;
				GCC_WARN_UNINITIALIZED_AUTOS = YES_AGGRESSIVE;
				GCC_WARN_UNUSED_FUNCTION = YES;
				GCC_WARN_UNUSED_VARIABLE = YES;
				IPHONEOS_DEPLOYMENT_TARGET = 27.0;
				LM_SKIP_METADATA_EXTRACTION = YES;
				LOCALIZATION_PREFERS_STRING_CATALOGS = YES;
				MACOSX_DEPLOYMENT_TARGET = 27.0;
				MTL_ENABLE_DEBUG_INFO = INCLUDE_SOURCE;
				MTL_FAST_MATH = YES;
				ONLY_ACTIVE_ARCH = YES;
				PROJECT_UNIQUE_VALUE = T9N8XB8B;
				SAVER_ID_SUFFIX = ".debug";
				SAVER_NAME_SUFFIX = " (Debug)";
				SERVER_LABEL_SUFFIX = ".debug";
				STRING_CATALOG_GENERATE_SYMBOLS = YES;
				SWIFT_ACTIVE_COMPILATION_CONDITIONS = "DEBUG $(inherited) $(PGR_AGENT_CONDITION)";
				SWIFT_OPTIMIZATION_LEVEL = "-Onone";
				SWIFT_UPCOMING_FEATURE_NONISOLATED_NONSENDING_BY_DEFAULT = YES;
				WALLPAPER_ID_SUFFIX = ".debug";
				WALLPAPER_NAME_SUFFIX = " (Debug)";
				WATCHOS_DEPLOYMENT_TARGET = 27.0;
				XROS_DEPLOYMENT_TARGET = 27.0;
			};
			name = Debug;
		};
		AA0000000000000000000201 /* Claude configuration for PBXProject "Photo-Go-Round" */ = {
			isa = XCBuildConfiguration;
			baseConfigurationReference = AA0000000000000000000030 /* Version.xcconfig */;
			buildSettings = {
				ALWAYS_SEARCH_USER_PATHS = NO;
				APPLETVOS_DEPLOYMENT_TARGET = 27.0;
				ASSETCATALOG_COMPILER_GENERATE_SWIFT_ASSET_SYMBOL_EXTENSIONS = YES;
				CLANG_ANALYZER_NONNULL = YES;
				CLANG_ANALYZER_NUMBER_OBJECT_CONVERSION = YES_AGGRESSIVE;
				CLANG_CXX_LANGUAGE_STANDARD = "gnu++20";
				CLANG_CXX_STANDARD_LIBRARY_HARDENING = "";
				CLANG_ENABLE_MODULES = YES;
				CLANG_ENABLE_OBJC_ARC = YES;
				CLANG_ENABLE_OBJC_WEAK = YES;
				CLANG_WARN_BLOCK_CAPTURE_AUTORELEASING = YES;
				CLANG_WARN_BOOL_CONVERSION = YES;
				CLANG_WARN_COMMA = YES;
				CLANG_WARN_CONSTANT_CONVERSION = YES;
				CLANG_WARN_DEPRECATED_OBJC_IMPLEMENTATIONS = YES;
				CLANG_WARN_DIRECT_OBJC_ISA_USAGE = YES_ERROR;
				CLANG_WARN_DOCUMENTATION_COMMENTS = YES;
				CLANG_WARN_EMPTY_BODY = YES;
				CLANG_WARN_ENUM_CONVERSION = YES;
				CLANG_WARN_INFINITE_RECURSION = YES;
				CLANG_WARN_INT_CONVERSION = YES;
				CLANG_WARN_NON_LITERAL_NULL_CONVERSION = YES;
				CLANG_WARN_OBJC_IMPLICIT_RETAIN_SELF = YES;
				CLANG_WARN_OBJC_LITERAL_CONVERSION = YES;
				CLANG_WARN_OBJC_ROOT_CLASS = YES_ERROR;
				CLANG_WARN_QUOTED_INCLUDE_IN_FRAMEWORK_HEADER = YES;
				CLANG_WARN_RANGE_LOOP_ANALYSIS = YES;
				CLANG_WARN_STRICT_PROTOTYPES = YES;
				CLANG_WARN_SUSPICIOUS_MOVE = YES;
				CLANG_WARN_UNGUARDED_AVAILABILITY = YES_AGGRESSIVE;
				CLANG_WARN_UNREACHABLE_CODE = YES;
				CLANG_WARN__DUPLICATE_METHOD_MATCH = YES;
				COPY_PHASE_STRIP = NO;
				DEAD_CODE_STRIPPING = YES;
				DEBUG_INFORMATION_FORMAT = dwarf;
				DRIVERKIT_DEPLOYMENT_TARGET = 27.0;
				ENABLE_STRICT_OBJC_MSGSEND = YES;
				ENABLE_TESTABILITY = YES;
				ENABLE_USER_SCRIPT_SANDBOXING = YES;
				GCC_C_LANGUAGE_STANDARD = gnu17;
				GCC_DYNAMIC_NO_PIC = NO;
				GCC_NO_COMMON_BLOCKS = YES;
				GCC_OPTIMIZATION_LEVEL = 0;
				GCC_PREPROCESSOR_DEFINITIONS = (
					"DEBUG=1",
					"$(inherited)",
				);
				GCC_WARN_64_TO_32_BIT_CONVERSION = YES;
				GCC_WARN_ABOUT_RETURN_TYPE = YES_ERROR;
				GCC_WARN_UNDECLARED_SELECTOR = YES;
				GCC_WARN_UNINITIALIZED_AUTOS = YES_AGGRESSIVE;
				GCC_WARN_UNUSED_FUNCTION = YES;
				GCC_WARN_UNUSED_VARIABLE = YES;
				IPHONEOS_DEPLOYMENT_TARGET = 27.0;
				LM_SKIP_METADATA_EXTRACTION = YES;
				LOCALIZATION_PREFERS_STRING_CATALOGS = YES;
				MACOSX_DEPLOYMENT_TARGET = 27.0;
				MTL_ENABLE_DEBUG_INFO = INCLUDE_SOURCE;
				MTL_FAST_MATH = YES;
				ONLY_ACTIVE_ARCH = YES;
				PGR_AGENT_CONDITION = PGR_AGENT_CLAUDE;
				PROJECT_UNIQUE_VALUE = T9N8XB8B;
				SAVER_ID_SUFFIX = ".claude";
				SAVER_NAME_SUFFIX = " (Claude)";
				SERVER_LABEL_SUFFIX = ".claude";
				STRING_CATALOG_GENERATE_SYMBOLS = YES;
				SWIFT_ACTIVE_COMPILATION_CONDITIONS = "DEBUG $(inherited) $(PGR_AGENT_CONDITION)";
				SWIFT_OPTIMIZATION_LEVEL = "-Onone";
				SWIFT_UPCOMING_FEATURE_NONISOLATED_NONSENDING_BY_DEFAULT = YES;
				WALLPAPER_ID_SUFFIX = ".claude";
				WALLPAPER_NAME_SUFFIX = " (Claude)";
				WATCHOS_DEPLOYMENT_TARGET = 27.0;
				XROS_DEPLOYMENT_TARGET = 27.0;
			};
			name = Claude;
		};
		000000000000000012000000 /* Release configuration for PBXProject "Photo-Go-Round" */ = {
			isa = XCBuildConfiguration;
			baseConfigurationReference = AA0000000000000000000030 /* Version.xcconfig */;
			buildSettings = {
				ALWAYS_SEARCH_USER_PATHS = NO;
				APPLETVOS_DEPLOYMENT_TARGET = 27.0;
				ASSETCATALOG_COMPILER_GENERATE_SWIFT_ASSET_SYMBOL_EXTENSIONS = YES;
				CLANG_ANALYZER_NONNULL = YES;
				CLANG_ANALYZER_NUMBER_OBJECT_CONVERSION = YES_AGGRESSIVE;
				CLANG_CXX_LANGUAGE_STANDARD = "gnu++20";
				CLANG_CXX_STANDARD_LIBRARY_HARDENING = "";
				CLANG_ENABLE_MODULES = YES;
				CLANG_ENABLE_OBJC_ARC = YES;
				CLANG_ENABLE_OBJC_WEAK = YES;
				CLANG_WARN_BLOCK_CAPTURE_AUTORELEASING = YES;
				CLANG_WARN_BOOL_CONVERSION = YES;
				CLANG_WARN_COMMA = YES;
				CLANG_WARN_CONSTANT_CONVERSION = YES;
				CLANG_WARN_DEPRECATED_OBJC_IMPLEMENTATIONS = YES;
				CLANG_WARN_DIRECT_OBJC_ISA_USAGE = YES_ERROR;
				CLANG_WARN_DOCUMENTATION_COMMENTS = YES;
				CLANG_WARN_EMPTY_BODY = YES;
				CLANG_WARN_ENUM_CONVERSION = YES;
				CLANG_WARN_INFINITE_RECURSION = YES;
				CLANG_WARN_INT_CONVERSION = YES;
				CLANG_WARN_NON_LITERAL_NULL_CONVERSION = YES;
				CLANG_WARN_OBJC_IMPLICIT_RETAIN_SELF = YES;
				CLANG_WARN_OBJC_LITERAL_CONVERSION = YES;
				CLANG_WARN_OBJC_ROOT_CLASS = YES_ERROR;
				CLANG_WARN_QUOTED_INCLUDE_IN_FRAMEWORK_HEADER = YES;
				CLANG_WARN_RANGE_LOOP_ANALYSIS = YES;
				CLANG_WARN_STRICT_PROTOTYPES = YES;
				CLANG_WARN_SUSPICIOUS_MOVE = YES;
				CLANG_WARN_UNGUARDED_AVAILABILITY = YES_AGGRESSIVE;
				CLANG_WARN_UNREACHABLE_CODE = YES;
				CLANG_WARN__DUPLICATE_METHOD_MATCH = YES;
				COPY_PHASE_STRIP = NO;
				DEAD_CODE_STRIPPING = YES;
				DEBUG_INFORMATION_FORMAT = "dwarf-with-dsym";
				DRIVERKIT_DEPLOYMENT_TARGET = 27.0;
				ENABLE_NS_ASSERTIONS = NO;
				ENABLE_STRICT_OBJC_MSGSEND = YES;
				ENABLE_USER_SCRIPT_SANDBOXING = YES;
				GCC_C_LANGUAGE_STANDARD = gnu17;
				GCC_NO_COMMON_BLOCKS = YES;
				GCC_WARN_64_TO_32_BIT_CONVERSION = YES;
				GCC_WARN_ABOUT_RETURN_TYPE = YES_ERROR;
				GCC_WARN_UNDECLARED_SELECTOR = YES;
				GCC_WARN_UNINITIALIZED_AUTOS = YES_AGGRESSIVE;
				GCC_WARN_UNUSED_FUNCTION = YES;
				GCC_WARN_UNUSED_VARIABLE = YES;
				IPHONEOS_DEPLOYMENT_TARGET = 27.0;
				LM_SKIP_METADATA_EXTRACTION = YES;
				LOCALIZATION_PREFERS_STRING_CATALOGS = YES;
				MACOSX_DEPLOYMENT_TARGET = 27.0;
				MTL_ENABLE_DEBUG_INFO = NO;
				MTL_FAST_MATH = YES;
				PROJECT_UNIQUE_VALUE = T9N8XB8B;
				SAVER_ID_SUFFIX = "";
				SAVER_NAME_SUFFIX = "";
				SERVER_LABEL_SUFFIX = "";
				STRING_CATALOG_GENERATE_SYMBOLS = YES;
				SWIFT_COMPILATION_MODE = wholemodule;
				SWIFT_UPCOMING_FEATURE_NONISOLATED_NONSENDING_BY_DEFAULT = YES;
				WALLPAPER_ID_SUFFIX = "";
				WALLPAPER_NAME_SUFFIX = "";
				WATCHOS_DEPLOYMENT_TARGET = 27.0;
				XROS_DEPLOYMENT_TARGET = 27.0;
			};
			name = Release;
		};
		000000000000000111000000 /* Debug configuration for PBXNativeTarget "Photo-Go-Round" */ = {
			isa = XCBuildConfiguration;
			buildSettings = {
				CODE_SIGN_STYLE = Automatic;
				DEVELOPMENT_TEAM = R5PQPZARC5;
				ENABLE_APP_SANDBOX = NO;
				ENABLE_PREVIEWS = YES;
				GENERATE_INFOPLIST_FILE = YES;
				INFOPLIST_KEY_CFBundleDisplayName = "Photo-Go-Round";
				INFOPLIST_KEY_LSApplicationCategoryType = "public.app-category.entertainment";
				"INFOPLIST_KEY_UIApplicationSceneManifest_Generation[sdk=iphoneos*]" = YES;
				"INFOPLIST_KEY_UIApplicationSceneManifest_Generation[sdk=iphonesimulator*]" = YES;
				"INFOPLIST_KEY_UIApplicationSupportsIndirectInputEvents[sdk=iphoneos*]" = YES;
				"INFOPLIST_KEY_UIApplicationSupportsIndirectInputEvents[sdk=iphonesimulator*]" = YES;
				"INFOPLIST_KEY_UILaunchScreen_Generation[sdk=iphoneos*]" = YES;
				"INFOPLIST_KEY_UILaunchScreen_Generation[sdk=iphonesimulator*]" = YES;
				"INFOPLIST_KEY_UIStatusBarStyle[sdk=iphoneos*]" = UIStatusBarStyleDefault;
				"INFOPLIST_KEY_UIStatusBarStyle[sdk=iphonesimulator*]" = UIStatusBarStyleDefault;
				INFOPLIST_KEY_UISupportedInterfaceOrientations_iPad = "UIInterfaceOrientationPortrait UIInterfaceOrientationPortraitUpsideDown UIInterfaceOrientationLandscapeLeft UIInterfaceOrientationLandscapeRight";
				INFOPLIST_KEY_UISupportedInterfaceOrientations_iPhone = "UIInterfaceOrientationPortrait UIInterfaceOrientationLandscapeLeft UIInterfaceOrientationLandscapeRight";
				LD_RUNPATH_SEARCH_PATHS = "@executable_path/Frameworks";
				"LD_RUNPATH_SEARCH_PATHS[sdk=macosx*]" = "@executable_path/../Frameworks";
				MACOSX_DEPLOYMENT_TARGET = 27.0;
				PRODUCT_BUNDLE_IDENTIFIER = com.sydpolk.photogoround;
				PRODUCT_NAME = "$(TARGET_NAME)";
				SDKROOT = auto;
				STRING_CATALOG_GENERATE_SYMBOLS = YES;
				SUPPORTED_PLATFORMS = macosx;
				SUPPORTS_MACCATALYST = NO;
				SWIFT_APPROACHABLE_CONCURRENCY = YES;
				SWIFT_DEFAULT_ACTOR_ISOLATION = MainActor;
				SWIFT_EMIT_LOC_STRINGS = YES;
				SWIFT_UPCOMING_FEATURE_MEMBER_IMPORT_VISIBILITY = YES;
				SWIFT_UPCOMING_FEATURE_NONISOLATED_NONSENDING_BY_DEFAULT = YES;
				SWIFT_VERSION = 6.0;
			};
			name = Debug;
		};
		AA0000000000000000000202 /* Claude configuration for PBXNativeTarget "Photo-Go-Round" */ = {
			isa = XCBuildConfiguration;
			buildSettings = {
				CODE_SIGN_STYLE = Automatic;
				DEVELOPMENT_TEAM = R5PQPZARC5;
				ENABLE_APP_SANDBOX = NO;
				ENABLE_PREVIEWS = YES;
				GENERATE_INFOPLIST_FILE = YES;
				INFOPLIST_KEY_CFBundleDisplayName = "Photo-Go-Round";
				INFOPLIST_KEY_LSApplicationCategoryType = "public.app-category.entertainment";
				"INFOPLIST_KEY_UIApplicationSceneManifest_Generation[sdk=iphoneos*]" = YES;
				"INFOPLIST_KEY_UIApplicationSceneManifest_Generation[sdk=iphonesimulator*]" = YES;
				"INFOPLIST_KEY_UIApplicationSupportsIndirectInputEvents[sdk=iphoneos*]" = YES;
				"INFOPLIST_KEY_UIApplicationSupportsIndirectInputEvents[sdk=iphonesimulator*]" = YES;
				"INFOPLIST_KEY_UILaunchScreen_Generation[sdk=iphoneos*]" = YES;
				"INFOPLIST_KEY_UILaunchScreen_Generation[sdk=iphonesimulator*]" = YES;
				"INFOPLIST_KEY_UIStatusBarStyle[sdk=iphoneos*]" = UIStatusBarStyleDefault;
				"INFOPLIST_KEY_UIStatusBarStyle[sdk=iphonesimulator*]" = UIStatusBarStyleDefault;
				INFOPLIST_KEY_UISupportedInterfaceOrientations_iPad = "UIInterfaceOrientationPortrait UIInterfaceOrientationPortraitUpsideDown UIInterfaceOrientationLandscapeLeft UIInterfaceOrientationLandscapeRight";
				INFOPLIST_KEY_UISupportedInterfaceOrientations_iPhone = "UIInterfaceOrientationPortrait UIInterfaceOrientationLandscapeLeft UIInterfaceOrientationLandscapeRight";
				LD_RUNPATH_SEARCH_PATHS = "@executable_path/Frameworks";
				"LD_RUNPATH_SEARCH_PATHS[sdk=macosx*]" = "@executable_path/../Frameworks";
				MACOSX_DEPLOYMENT_TARGET = 27.0;
				PRODUCT_BUNDLE_IDENTIFIER = com.sydpolk.photogoround;
				PRODUCT_NAME = "$(TARGET_NAME)";
				SDKROOT = auto;
				STRING_CATALOG_GENERATE_SYMBOLS = YES;
				SUPPORTED_PLATFORMS = macosx;
				SUPPORTS_MACCATALYST = NO;
				SWIFT_APPROACHABLE_CONCURRENCY = YES;
				SWIFT_DEFAULT_ACTOR_ISOLATION = MainActor;
				SWIFT_EMIT_LOC_STRINGS = YES;
				SWIFT_UPCOMING_FEATURE_MEMBER_IMPORT_VISIBILITY = YES;
				SWIFT_UPCOMING_FEATURE_NONISOLATED_NONSENDING_BY_DEFAULT = YES;
				SWIFT_VERSION = 6.0;
			};
			name = Claude;
		};
		000000000000000112000000 /* Release configuration for PBXNativeTarget "Photo-Go-Round" */ = {
			isa = XCBuildConfiguration;
			buildSettings = {
				CODE_SIGN_STYLE = Automatic;
				DEVELOPMENT_TEAM = R5PQPZARC5;
				ENABLE_APP_SANDBOX = NO;
				ENABLE_PREVIEWS = YES;
				GENERATE_INFOPLIST_FILE = YES;
				INFOPLIST_KEY_CFBundleDisplayName = "Photo-Go-Round";
				INFOPLIST_KEY_LSApplicationCategoryType = "public.app-category.entertainment";
				"INFOPLIST_KEY_UIApplicationSceneManifest_Generation[sdk=iphoneos*]" = YES;
				"INFOPLIST_KEY_UIApplicationSceneManifest_Generation[sdk=iphonesimulator*]" = YES;
				"INFOPLIST_KEY_UIApplicationSupportsIndirectInputEvents[sdk=iphoneos*]" = YES;
				"INFOPLIST_KEY_UIApplicationSupportsIndirectInputEvents[sdk=iphonesimulator*]" = YES;
				"INFOPLIST_KEY_UILaunchScreen_Generation[sdk=iphoneos*]" = YES;
				"INFOPLIST_KEY_UILaunchScreen_Generation[sdk=iphonesimulator*]" = YES;
				"INFOPLIST_KEY_UIStatusBarStyle[sdk=iphoneos*]" = UIStatusBarStyleDefault;
				"INFOPLIST_KEY_UIStatusBarStyle[sdk=iphonesimulator*]" = UIStatusBarStyleDefault;
				INFOPLIST_KEY_UISupportedInterfaceOrientations_iPad = "UIInterfaceOrientationPortrait UIInterfaceOrientationPortraitUpsideDown UIInterfaceOrientationLandscapeLeft UIInterfaceOrientationLandscapeRight";
				INFOPLIST_KEY_UISupportedInterfaceOrientations_iPhone = "UIInterfaceOrientationPortrait UIInterfaceOrientationLandscapeLeft UIInterfaceOrientationLandscapeRight";
				LD_RUNPATH_SEARCH_PATHS = "@executable_path/Frameworks";
				"LD_RUNPATH_SEARCH_PATHS[sdk=macosx*]" = "@executable_path/../Frameworks";
				MACOSX_DEPLOYMENT_TARGET = 27.0;
				PRODUCT_BUNDLE_IDENTIFIER = com.sydpolk.photogoround;
				PRODUCT_NAME = "$(TARGET_NAME)";
				SDKROOT = auto;
				STRING_CATALOG_GENERATE_SYMBOLS = YES;
				SUPPORTED_PLATFORMS = macosx;
				SUPPORTS_MACCATALYST = NO;
				SWIFT_APPROACHABLE_CONCURRENCY = YES;
				SWIFT_DEFAULT_ACTOR_ISOLATION = MainActor;
				SWIFT_EMIT_LOC_STRINGS = YES;
				SWIFT_UPCOMING_FEATURE_MEMBER_IMPORT_VISIBILITY = YES;
				SWIFT_UPCOMING_FEATURE_NONISOLATED_NONSENDING_BY_DEFAULT = YES;
				SWIFT_VERSION = 6.0;
			};
			name = Release;
		};
		AA0000000000000000000068 /* Debug configuration for PBXNativeTarget "Photo-Go-RoundTests" */ = {
			isa = XCBuildConfiguration;
			buildSettings = {
				BUNDLE_LOADER = "$(TEST_HOST)";
				CODE_SIGN_STYLE = Automatic;
				DEVELOPMENT_TEAM = R5PQPZARC5;
				GENERATE_INFOPLIST_FILE = YES;
				MACOSX_DEPLOYMENT_TARGET = 27.0;
				PRODUCT_BUNDLE_IDENTIFIER = com.sydpolk.photogoround.tests;
				PRODUCT_NAME = "$(TARGET_NAME)";
				SDKROOT = auto;
				SUPPORTED_PLATFORMS = macosx;
				SWIFT_APPROACHABLE_CONCURRENCY = YES;
				SWIFT_DEFAULT_ACTOR_ISOLATION = MainActor;
				SWIFT_EMIT_LOC_STRINGS = NO;
				SWIFT_VERSION = 6.0;
				TEST_HOST = "$(BUILT_PRODUCTS_DIR)/Photo-Go-Round.app/$(BUNDLE_EXECUTABLE_FOLDER_PATH)/Photo-Go-Round";
			};
			name = Debug;
		};
		AA0000000000000000000203 /* Claude configuration for PBXNativeTarget "Photo-Go-RoundTests" */ = {
			isa = XCBuildConfiguration;
			buildSettings = {
				BUNDLE_LOADER = "$(TEST_HOST)";
				CODE_SIGN_STYLE = Automatic;
				DEVELOPMENT_TEAM = R5PQPZARC5;
				GENERATE_INFOPLIST_FILE = YES;
				MACOSX_DEPLOYMENT_TARGET = 27.0;
				PRODUCT_BUNDLE_IDENTIFIER = com.sydpolk.photogoround.tests;
				PRODUCT_NAME = "$(TARGET_NAME)";
				SDKROOT = auto;
				SUPPORTED_PLATFORMS = macosx;
				SWIFT_APPROACHABLE_CONCURRENCY = YES;
				SWIFT_DEFAULT_ACTOR_ISOLATION = MainActor;
				SWIFT_EMIT_LOC_STRINGS = NO;
				SWIFT_VERSION = 6.0;
				TEST_HOST = "$(BUILT_PRODUCTS_DIR)/Photo-Go-Round.app/$(BUNDLE_EXECUTABLE_FOLDER_PATH)/Photo-Go-Round";
			};
			name = Claude;
		};
		AA0000000000000000000069 /* Release configuration for PBXNativeTarget "Photo-Go-RoundTests" */ = {
			isa = XCBuildConfiguration;
			buildSettings = {
				BUNDLE_LOADER = "$(TEST_HOST)";
				CODE_SIGN_STYLE = Automatic;
				DEVELOPMENT_TEAM = R5PQPZARC5;
				GENERATE_INFOPLIST_FILE = YES;
				MACOSX_DEPLOYMENT_TARGET = 27.0;
				PRODUCT_BUNDLE_IDENTIFIER = com.sydpolk.photogoround.tests;
				PRODUCT_NAME = "$(TARGET_NAME)";
				SDKROOT = auto;
				SUPPORTED_PLATFORMS = macosx;
				SWIFT_APPROACHABLE_CONCURRENCY = YES;
				SWIFT_DEFAULT_ACTOR_ISOLATION = MainActor;
				SWIFT_EMIT_LOC_STRINGS = NO;
				SWIFT_VERSION = 6.0;
				TEST_HOST = "$(BUILT_PRODUCTS_DIR)/Photo-Go-Round.app/$(BUNDLE_EXECUTABLE_FOLDER_PATH)/Photo-Go-Round";
			};
			name = Release;
		};
		AA00000000000000000000A7 /* Debug configuration for PBXNativeTarget "Photo-Go-Round Saver" */ = {
			isa = XCBuildConfiguration;
			buildSettings = {
				CODE_SIGN_STYLE = Automatic;
				DEVELOPMENT_TEAM = R5PQPZARC5;
				GENERATE_INFOPLIST_FILE = NO;
				INFOPLIST_FILE = saver/Info.plist;
				LD_RUNPATH_SEARCH_PATHS = "@loader_path/../Frameworks";
				MACH_O_TYPE = mh_bundle;
				MACOSX_DEPLOYMENT_TARGET = 27.0;
				PRODUCT_BUNDLE_IDENTIFIER = "com.sydpolk.photogoround.saver$(SAVER_ID_SUFFIX)";
				PRODUCT_NAME = "Photo-Go-Round Screensaver$(SAVER_NAME_SUFFIX)";
				SDKROOT = auto;
				SKIP_INSTALL = YES;
				SUPPORTED_PLATFORMS = macosx;
				SWIFT_APPROACHABLE_CONCURRENCY = YES;
				SWIFT_DEFAULT_ACTOR_ISOLATION = MainActor;
				SWIFT_EMIT_LOC_STRINGS = NO;
				SWIFT_VERSION = 6.0;
				WRAPPER_EXTENSION = saver;
			};
			name = Debug;
		};
		AA0000000000000000000204 /* Claude configuration for PBXNativeTarget "Photo-Go-Round Saver" */ = {
			isa = XCBuildConfiguration;
			buildSettings = {
				CODE_SIGN_STYLE = Automatic;
				DEVELOPMENT_TEAM = R5PQPZARC5;
				GENERATE_INFOPLIST_FILE = NO;
				INFOPLIST_FILE = saver/Info.plist;
				LD_RUNPATH_SEARCH_PATHS = "@loader_path/../Frameworks";
				MACH_O_TYPE = mh_bundle;
				MACOSX_DEPLOYMENT_TARGET = 27.0;
				PRODUCT_BUNDLE_IDENTIFIER = "com.sydpolk.photogoround.saver$(SAVER_ID_SUFFIX)";
				PRODUCT_NAME = "Photo-Go-Round Screensaver$(SAVER_NAME_SUFFIX)";
				SDKROOT = auto;
				SKIP_INSTALL = YES;
				SUPPORTED_PLATFORMS = macosx;
				SWIFT_APPROACHABLE_CONCURRENCY = YES;
				SWIFT_DEFAULT_ACTOR_ISOLATION = MainActor;
				SWIFT_EMIT_LOC_STRINGS = NO;
				SWIFT_VERSION = 6.0;
				WRAPPER_EXTENSION = saver;
			};
			name = Claude;
		};
		AA00000000000000000000A8 /* Release configuration for PBXNativeTarget "Photo-Go-Round Saver" */ = {
			isa = XCBuildConfiguration;
			buildSettings = {
				CODE_SIGN_STYLE = Automatic;
				DEVELOPMENT_TEAM = R5PQPZARC5;
				GENERATE_INFOPLIST_FILE = NO;
				INFOPLIST_FILE = saver/Info.plist;
				LD_RUNPATH_SEARCH_PATHS = "@loader_path/../Frameworks";
				MACH_O_TYPE = mh_bundle;
				MACOSX_DEPLOYMENT_TARGET = 27.0;
				PRODUCT_BUNDLE_IDENTIFIER = "com.sydpolk.photogoround.saver$(SAVER_ID_SUFFIX)";
				PRODUCT_NAME = "Photo-Go-Round Screensaver$(SAVER_NAME_SUFFIX)";
				SDKROOT = auto;
				SKIP_INSTALL = YES;
				SUPPORTED_PLATFORMS = macosx;
				SWIFT_APPROACHABLE_CONCURRENCY = YES;
				SWIFT_DEFAULT_ACTOR_ISOLATION = MainActor;
				SWIFT_EMIT_LOC_STRINGS = NO;
				SWIFT_VERSION = 6.0;
				WRAPPER_EXTENSION = saver;
			};
			name = Release;
		};
		AA00000000000000000000C7 /* Debug configuration for PBXNativeTarget "Photo-Go-Round Server" */ = {
			isa = XCBuildConfiguration;
			buildSettings = {
				CODE_SIGN_STYLE = Automatic;
				DEVELOPMENT_TEAM = R5PQPZARC5;
				ENABLE_APP_SANDBOX = NO;
				EXECUTABLE_NAME = photogoroundd;
				GENERATE_INFOPLIST_FILE = NO;
				INFOPLIST_FILE = agent/Info.plist;
				LD_RUNPATH_SEARCH_PATHS = "@executable_path/../Frameworks";
				MACOSX_DEPLOYMENT_TARGET = 27.0;
				PRODUCT_BUNDLE_IDENTIFIER = com.sydpolk.photogoround.server;
				PRODUCT_NAME = "Photo-Go-Round Server";
				SDKROOT = auto;
				SUPPORTED_PLATFORMS = macosx;
				SWIFT_EMIT_LOC_STRINGS = NO;
				SWIFT_VERSION = 6.0;
			};
			name = Debug;
		};
		AA0000000000000000000206 /* Claude configuration for PBXNativeTarget "Photo-Go-Round Server" */ = {
			isa = XCBuildConfiguration;
			buildSettings = {
				CODE_SIGN_STYLE = Automatic;
				DEVELOPMENT_TEAM = R5PQPZARC5;
				ENABLE_APP_SANDBOX = NO;
				EXECUTABLE_NAME = photogoroundd;
				GENERATE_INFOPLIST_FILE = NO;
				INFOPLIST_FILE = agent/Info.plist;
				LD_RUNPATH_SEARCH_PATHS = "@executable_path/../Frameworks";
				MACOSX_DEPLOYMENT_TARGET = 27.0;
				PRODUCT_BUNDLE_IDENTIFIER = com.sydpolk.photogoround.server;
				PRODUCT_NAME = "Photo-Go-Round Server";
				SDKROOT = auto;
				SUPPORTED_PLATFORMS = macosx;
				SWIFT_EMIT_LOC_STRINGS = NO;
				SWIFT_VERSION = 6.0;
			};
			name = Claude;
		};
		AA00000000000000000000C8 /* Release configuration for PBXNativeTarget "Photo-Go-Round Server" */ = {
			isa = XCBuildConfiguration;
			buildSettings = {
				CODE_SIGN_STYLE = Automatic;
				DEVELOPMENT_TEAM = R5PQPZARC5;
				ENABLE_APP_SANDBOX = NO;
				EXECUTABLE_NAME = photogoroundd;
				GENERATE_INFOPLIST_FILE = NO;
				INFOPLIST_FILE = agent/Info.plist;
				LD_RUNPATH_SEARCH_PATHS = "@executable_path/../Frameworks";
				MACOSX_DEPLOYMENT_TARGET = 27.0;
				PRODUCT_BUNDLE_IDENTIFIER = com.sydpolk.photogoround.server;
				PRODUCT_NAME = "Photo-Go-Round Server";
				SDKROOT = auto;
				SUPPORTED_PLATFORMS = macosx;
				SWIFT_EMIT_LOC_STRINGS = NO;
				SWIFT_VERSION = 6.0;
			};
			name = Release;
		};
		AA0000000000000000000307 /* Debug configuration for PBXNativeTarget "pgr_install" */ = {
			isa = XCBuildConfiguration;
			buildSettings = {
				CODE_SIGN_STYLE = Automatic;
				DEVELOPMENT_TEAM = R5PQPZARC5;
				ENABLE_APP_SANDBOX = NO;
				MACOSX_DEPLOYMENT_TARGET = 27.0;
				PRODUCT_NAME = pgr_install;
				SDKROOT = auto;
				SUPPORTED_PLATFORMS = macosx;
				SWIFT_EMIT_LOC_STRINGS = NO;
				SWIFT_VERSION = 6.0;
			};
			name = Debug;
		};
		AA0000000000000000000308 /* Claude configuration for PBXNativeTarget "pgr_install" */ = {
			isa = XCBuildConfiguration;
			buildSettings = {
				CODE_SIGN_STYLE = Automatic;
				DEVELOPMENT_TEAM = R5PQPZARC5;
				ENABLE_APP_SANDBOX = NO;
				MACOSX_DEPLOYMENT_TARGET = 27.0;
				PRODUCT_NAME = pgr_install;
				SDKROOT = auto;
				SUPPORTED_PLATFORMS = macosx;
				SWIFT_EMIT_LOC_STRINGS = NO;
				SWIFT_VERSION = 6.0;
			};
			name = Claude;
		};
		AA0000000000000000000309 /* Release configuration for PBXNativeTarget "pgr_install" */ = {
			isa = XCBuildConfiguration;
			buildSettings = {
				CODE_SIGN_STYLE = Automatic;
				DEVELOPMENT_TEAM = R5PQPZARC5;
				ENABLE_APP_SANDBOX = NO;
				MACOSX_DEPLOYMENT_TARGET = 27.0;
				PRODUCT_NAME = pgr_install;
				SDKROOT = auto;
				SUPPORTED_PLATFORMS = macosx;
				SWIFT_EMIT_LOC_STRINGS = NO;
				SWIFT_VERSION = 6.0;
			};
			name = Release;
		};
		AA00000000000000000000D7 /* Debug configuration for PBXNativeTarget "pgr_ctl" */ = {
			isa = XCBuildConfiguration;
			buildSettings = {
				CODE_SIGN_STYLE = Automatic;
				CREATE_INFOPLIST_SECTION_IN_BINARY = YES;
				DEVELOPMENT_TEAM = R5PQPZARC5;
				ENABLE_APP_SANDBOX = NO;
				GENERATE_INFOPLIST_FILE = NO;
				INFOPLIST_FILE = ../Sources/pgr_ctl/Info.plist;
				MACOSX_DEPLOYMENT_TARGET = 27.0;
				PRODUCT_NAME = pgr_ctl;
				SDKROOT = auto;
				SUPPORTED_PLATFORMS = macosx;
				SWIFT_EMIT_LOC_STRINGS = NO;
				SWIFT_VERSION = 6.0;
			};
			name = Debug;
		};
		AA0000000000000000000207 /* Claude configuration for PBXNativeTarget "pgr_ctl" */ = {
			isa = XCBuildConfiguration;
			buildSettings = {
				CODE_SIGN_STYLE = Automatic;
				CREATE_INFOPLIST_SECTION_IN_BINARY = YES;
				DEVELOPMENT_TEAM = R5PQPZARC5;
				ENABLE_APP_SANDBOX = NO;
				GENERATE_INFOPLIST_FILE = NO;
				INFOPLIST_FILE = ../Sources/pgr_ctl/Info.plist;
				MACOSX_DEPLOYMENT_TARGET = 27.0;
				PRODUCT_NAME = pgr_ctl;
				SDKROOT = auto;
				SUPPORTED_PLATFORMS = macosx;
				SWIFT_EMIT_LOC_STRINGS = NO;
				SWIFT_VERSION = 6.0;
			};
			name = Claude;
		};
		AA00000000000000000000D8 /* Release configuration for PBXNativeTarget "pgr_ctl" */ = {
			isa = XCBuildConfiguration;
			buildSettings = {
				CODE_SIGN_STYLE = Automatic;
				CREATE_INFOPLIST_SECTION_IN_BINARY = YES;
				DEVELOPMENT_TEAM = R5PQPZARC5;
				ENABLE_APP_SANDBOX = NO;
				GENERATE_INFOPLIST_FILE = NO;
				INFOPLIST_FILE = ../Sources/pgr_ctl/Info.plist;
				MACOSX_DEPLOYMENT_TARGET = 27.0;
				PRODUCT_NAME = pgr_ctl;
				SDKROOT = auto;
				SUPPORTED_PLATFORMS = macosx;
				SWIFT_EMIT_LOC_STRINGS = NO;
				SWIFT_VERSION = 6.0;
			};
			name = Release;
		};
		AA00000000000000000000E7 /* Debug configuration for PBXNativeTarget "Photo-Go-Round Wallpaper" */ = {
			isa = XCBuildConfiguration;
			buildSettings = {
				CODE_SIGN_ENTITLEMENTS = "wallpaper-extension/Photo-Go-Round Wallpaper.entitlements";
				CODE_SIGN_STYLE = Automatic;
				DEVELOPMENT_TEAM = R5PQPZARC5;
				GENERATE_INFOPLIST_FILE = NO;
				INFOPLIST_FILE = "wallpaper-extension/Info.plist";
				LD_RUNPATH_SEARCH_PATHS = "@executable_path/../../../../Frameworks";
				MACOSX_DEPLOYMENT_TARGET = 27.0;
				PRODUCT_BUNDLE_IDENTIFIER = "com.sydpolk.photogoround.wallpaper$(WALLPAPER_ID_SUFFIX).extension";
				PRODUCT_NAME = "$(TARGET_NAME)";
				SDKROOT = auto;
				SKIP_INSTALL = YES;
				SUPPORTED_PLATFORMS = macosx;
				SWIFT_APPROACHABLE_CONCURRENCY = YES;
				SWIFT_DEFAULT_ACTOR_ISOLATION = nonisolated;
				SWIFT_EMIT_LOC_STRINGS = NO;
				SWIFT_VERSION = 6.0;
			};
			name = Debug;
		};
		AA0000000000000000000208 /* Claude configuration for PBXNativeTarget "Photo-Go-Round Wallpaper" */ = {
			isa = XCBuildConfiguration;
			buildSettings = {
				CODE_SIGN_ENTITLEMENTS = "wallpaper-extension/Photo-Go-Round Wallpaper.entitlements";
				CODE_SIGN_STYLE = Automatic;
				DEVELOPMENT_TEAM = R5PQPZARC5;
				GENERATE_INFOPLIST_FILE = NO;
				INFOPLIST_FILE = "wallpaper-extension/Info.plist";
				LD_RUNPATH_SEARCH_PATHS = "@executable_path/../../../../Frameworks";
				MACOSX_DEPLOYMENT_TARGET = 27.0;
				PRODUCT_BUNDLE_IDENTIFIER = "com.sydpolk.photogoround.wallpaper$(WALLPAPER_ID_SUFFIX).extension";
				PRODUCT_NAME = "$(TARGET_NAME)";
				SDKROOT = auto;
				SKIP_INSTALL = YES;
				SUPPORTED_PLATFORMS = macosx;
				SWIFT_APPROACHABLE_CONCURRENCY = YES;
				SWIFT_DEFAULT_ACTOR_ISOLATION = nonisolated;
				SWIFT_EMIT_LOC_STRINGS = NO;
				SWIFT_VERSION = 6.0;
			};
			name = Claude;
		};
		AA00000000000000000000E8 /* Release configuration for PBXNativeTarget "Photo-Go-Round Wallpaper" */ = {
			isa = XCBuildConfiguration;
			buildSettings = {
				CODE_SIGN_ENTITLEMENTS = "wallpaper-extension/Photo-Go-Round Wallpaper.entitlements";
				CODE_SIGN_STYLE = Automatic;
				DEVELOPMENT_TEAM = R5PQPZARC5;
				GENERATE_INFOPLIST_FILE = NO;
				INFOPLIST_FILE = "wallpaper-extension/Info.plist";
				LD_RUNPATH_SEARCH_PATHS = "@executable_path/../../../../Frameworks";
				MACOSX_DEPLOYMENT_TARGET = 27.0;
				PRODUCT_BUNDLE_IDENTIFIER = "com.sydpolk.photogoround.wallpaper$(WALLPAPER_ID_SUFFIX).extension";
				PRODUCT_NAME = "$(TARGET_NAME)";
				SDKROOT = auto;
				SKIP_INSTALL = YES;
				SUPPORTED_PLATFORMS = macosx;
				SWIFT_APPROACHABLE_CONCURRENCY = YES;
				SWIFT_DEFAULT_ACTOR_ISOLATION = nonisolated;
				SWIFT_EMIT_LOC_STRINGS = NO;
				SWIFT_VERSION = 6.0;
			};
			name = Release;
		};
		AA00000000000000000000F7 /* Debug configuration for PBXNativeTarget "Photo-Go-Round Wallpaper Host" */ = {
			isa = XCBuildConfiguration;
			buildSettings = {
				CODE_SIGN_STYLE = Automatic;
				DEVELOPMENT_TEAM = R5PQPZARC5;
				ENABLE_APP_SANDBOX = NO;
				GENERATE_INFOPLIST_FILE = NO;
				INFOPLIST_FILE = "wallpaper-host/Info.plist";
				LD_RUNPATH_SEARCH_PATHS = "@executable_path/../Frameworks";
				MACOSX_DEPLOYMENT_TARGET = 27.0;
				PRODUCT_BUNDLE_IDENTIFIER = "com.sydpolk.photogoround.wallpaper$(WALLPAPER_ID_SUFFIX)";
				PRODUCT_NAME = "$(TARGET_NAME)";
				SDKROOT = auto;
				SKIP_INSTALL = YES;
				SUPPORTED_PLATFORMS = macosx;
				SWIFT_APPROACHABLE_CONCURRENCY = YES;
				SWIFT_DEFAULT_ACTOR_ISOLATION = MainActor;
				SWIFT_EMIT_LOC_STRINGS = NO;
				SWIFT_VERSION = 6.0;
			};
			name = Debug;
		};
		AA0000000000000000000209 /* Claude configuration for PBXNativeTarget "Photo-Go-Round Wallpaper Host" */ = {
			isa = XCBuildConfiguration;
			buildSettings = {
				CODE_SIGN_STYLE = Automatic;
				DEVELOPMENT_TEAM = R5PQPZARC5;
				ENABLE_APP_SANDBOX = NO;
				GENERATE_INFOPLIST_FILE = NO;
				INFOPLIST_FILE = "wallpaper-host/Info.plist";
				LD_RUNPATH_SEARCH_PATHS = "@executable_path/../Frameworks";
				MACOSX_DEPLOYMENT_TARGET = 27.0;
				PRODUCT_BUNDLE_IDENTIFIER = "com.sydpolk.photogoround.wallpaper$(WALLPAPER_ID_SUFFIX)";
				PRODUCT_NAME = "$(TARGET_NAME)";
				SDKROOT = auto;
				SKIP_INSTALL = YES;
				SUPPORTED_PLATFORMS = macosx;
				SWIFT_APPROACHABLE_CONCURRENCY = YES;
				SWIFT_DEFAULT_ACTOR_ISOLATION = MainActor;
				SWIFT_EMIT_LOC_STRINGS = NO;
				SWIFT_VERSION = 6.0;
			};
			name = Claude;
		};
		AA00000000000000000000F8 /* Release configuration for PBXNativeTarget "Photo-Go-Round Wallpaper Host" */ = {
			isa = XCBuildConfiguration;
			buildSettings = {
				CODE_SIGN_STYLE = Automatic;
				DEVELOPMENT_TEAM = R5PQPZARC5;
				ENABLE_APP_SANDBOX = NO;
				GENERATE_INFOPLIST_FILE = NO;
				INFOPLIST_FILE = "wallpaper-host/Info.plist";
				LD_RUNPATH_SEARCH_PATHS = "@executable_path/../Frameworks";
				MACOSX_DEPLOYMENT_TARGET = 27.0;
				PRODUCT_BUNDLE_IDENTIFIER = "com.sydpolk.photogoround.wallpaper$(WALLPAPER_ID_SUFFIX)";
				PRODUCT_NAME = "$(TARGET_NAME)";
				SDKROOT = auto;
				SKIP_INSTALL = YES;
				SUPPORTED_PLATFORMS = macosx;
				SWIFT_APPROACHABLE_CONCURRENCY = YES;
				SWIFT_DEFAULT_ACTOR_ISOLATION = MainActor;
				SWIFT_EMIT_LOC_STRINGS = NO;
				SWIFT_VERSION = 6.0;
			};
			name = Release;
		};
		AA0000000000000000000113 /* Debug configuration for PBXAggregateTarget "Install Wallpaper Extension" */ = {
			isa = XCBuildConfiguration;
			buildSettings = {
				ENABLE_USER_SCRIPT_SANDBOXING = NO;
				PRODUCT_NAME = "$(TARGET_NAME)";
				SUPPORTED_PLATFORMS = macosx;
			};
			name = Debug;
		};
		AA000000000000000000020A /* Claude configuration for PBXAggregateTarget "Install Wallpaper Extension" */ = {
			isa = XCBuildConfiguration;
			buildSettings = {
				ENABLE_USER_SCRIPT_SANDBOXING = NO;
				PRODUCT_NAME = "$(TARGET_NAME)";
				SUPPORTED_PLATFORMS = macosx;
			};
			name = Claude;
		};
		AA0000000000000000000114 /* Release configuration for PBXAggregateTarget "Install Wallpaper Extension" */ = {
			isa = XCBuildConfiguration;
			buildSettings = {
				ENABLE_USER_SCRIPT_SANDBOXING = NO;
				PRODUCT_NAME = "$(TARGET_NAME)";
				SUPPORTED_PLATFORMS = macosx;
			};
			name = Release;
		};
/* End XCBuildConfiguration section */

/* Begin XCConfigurationList section */
		000000000000000010000000 /* Build configuration list for PBXProject "Photo-Go-Round" */ = {
			isa = XCConfigurationList;
			buildConfigurations = (
				000000000000000011000000 /* Debug configuration for PBXProject "Photo-Go-Round" */,
				AA0000000000000000000201 /* Claude configuration for PBXProject "Photo-Go-Round" */,
				000000000000000012000000 /* Release configuration for PBXProject "Photo-Go-Round" */,
			);
			defaultConfigurationName = Release;
		};
		000000000000000110000000 /* Build configuration list for PBXNativeTarget "Photo-Go-Round" */ = {
			isa = XCConfigurationList;
			buildConfigurations = (
				000000000000000111000000 /* Debug configuration for PBXNativeTarget "Photo-Go-Round" */,
				AA0000000000000000000202 /* Claude configuration for PBXNativeTarget "Photo-Go-Round" */,
				000000000000000112000000 /* Release configuration for PBXNativeTarget "Photo-Go-Round" */,
			);
			defaultConfigurationName = Release;
		};
		AA0000000000000000000064 /* Build configuration list for PBXNativeTarget "Photo-Go-RoundTests" */ = {
			isa = XCConfigurationList;
			buildConfigurations = (
				AA0000000000000000000068 /* Debug configuration for PBXNativeTarget "Photo-Go-RoundTests" */,
				AA0000000000000000000203 /* Claude configuration for PBXNativeTarget "Photo-Go-RoundTests" */,
				AA0000000000000000000069 /* Release configuration for PBXNativeTarget "Photo-Go-RoundTests" */,
			);
			defaultConfigurationName = Release;
		};
		AA00000000000000000000A6 /* Build configuration list for PBXNativeTarget "Photo-Go-Round Saver" */ = {
			isa = XCConfigurationList;
			buildConfigurations = (
				AA00000000000000000000A7 /* Debug configuration for PBXNativeTarget "Photo-Go-Round Saver" */,
				AA0000000000000000000204 /* Claude configuration for PBXNativeTarget "Photo-Go-Round Saver" */,
				AA00000000000000000000A8 /* Release configuration for PBXNativeTarget "Photo-Go-Round Saver" */,
			);
			defaultConfigurationName = Release;
		};
		AA00000000000000000000C6 /* Build configuration list for PBXNativeTarget "Photo-Go-Round Server" */ = {
			isa = XCConfigurationList;
			buildConfigurations = (
				AA00000000000000000000C7 /* Debug configuration for PBXNativeTarget "Photo-Go-Round Server" */,
				AA0000000000000000000206 /* Claude configuration for PBXNativeTarget "Photo-Go-Round Server" */,
				AA00000000000000000000C8 /* Release configuration for PBXNativeTarget "Photo-Go-Round Server" */,
			);
			defaultConfigurationName = Release;
		};
		AA00000000000000000000D6 /* Build configuration list for PBXNativeTarget "pgr_ctl" */ = {
			isa = XCConfigurationList;
			buildConfigurations = (
				AA00000000000000000000D7 /* Debug configuration for PBXNativeTarget "pgr_ctl" */,
				AA0000000000000000000207 /* Claude configuration for PBXNativeTarget "pgr_ctl" */,
				AA00000000000000000000D8 /* Release configuration for PBXNativeTarget "pgr_ctl" */,
			);
			defaultConfigurationName = Release;
		};
		AA0000000000000000000306 /* Build configuration list for PBXNativeTarget "pgr_install" */ = {
			isa = XCConfigurationList;
			buildConfigurations = (
				AA0000000000000000000307 /* Debug configuration for PBXNativeTarget "pgr_install" */,
				AA0000000000000000000308 /* Claude configuration for PBXNativeTarget "pgr_install" */,
				AA0000000000000000000309 /* Release configuration for PBXNativeTarget "pgr_install" */,
			);
			defaultConfigurationName = Release;
		};
		AA00000000000000000000E6 /* Build configuration list for PBXNativeTarget "Photo-Go-Round Wallpaper" */ = {
			isa = XCConfigurationList;
			buildConfigurations = (
				AA00000000000000000000E7 /* Debug configuration for PBXNativeTarget "Photo-Go-Round Wallpaper" */,
				AA0000000000000000000208 /* Claude configuration for PBXNativeTarget "Photo-Go-Round Wallpaper" */,
				AA00000000000000000000E8 /* Release configuration for PBXNativeTarget "Photo-Go-Round Wallpaper" */,
			);
			defaultConfigurationName = Release;
		};
		AA00000000000000000000F6 /* Build configuration list for PBXNativeTarget "Photo-Go-Round Wallpaper Host" */ = {
			isa = XCConfigurationList;
			buildConfigurations = (
				AA00000000000000000000F7 /* Debug configuration for PBXNativeTarget "Photo-Go-Round Wallpaper Host" */,
				AA0000000000000000000209 /* Claude configuration for PBXNativeTarget "Photo-Go-Round Wallpaper Host" */,
				AA00000000000000000000F8 /* Release configuration for PBXNativeTarget "Photo-Go-Round Wallpaper Host" */,
			);
			defaultConfigurationName = Release;
		};
		AA0000000000000000000112 /* Build configuration list for PBXAggregateTarget "Install Wallpaper Extension" */ = {
			isa = XCConfigurationList;
			buildConfigurations = (
				AA0000000000000000000113 /* Debug configuration for PBXAggregateTarget "Install Wallpaper Extension" */,
				AA000000000000000000020A /* Claude configuration for PBXAggregateTarget "Install Wallpaper Extension" */,
				AA0000000000000000000114 /* Release configuration for PBXAggregateTarget "Install Wallpaper Extension" */,
			);
			defaultConfigurationName = Release;
		};
/* End XCConfigurationList section */

/* Begin XCLocalSwiftPackageReference section */
		AA0000000000000000000010 /* XCLocalSwiftPackageReference ".." */ = {
			isa = XCLocalSwiftPackageReference;
			relativePath = ..;
		};
/* End XCLocalSwiftPackageReference section */

/* Begin XCSwiftPackageProductDependency section */
		AA0000000000000000000011 /* PhotoGoRoundAgentAPI */ = {
			isa = XCSwiftPackageProductDependency;
			productName = PhotoGoRoundAgentAPI;
		};
		AA0000000000000000000012 /* PhotoGoRoundDisplay */ = {
			isa = XCSwiftPackageProductDependency;
			productName = PhotoGoRoundDisplay;
		};
		AA00000000000000000000AB /* PhotoGoRoundAgentAPI */ = {
			isa = XCSwiftPackageProductDependency;
			productName = PhotoGoRoundAgentAPI;
		};
		AA00000000000000000000AC /* PhotoGoRoundDisplay */ = {
			isa = XCSwiftPackageProductDependency;
			productName = PhotoGoRoundDisplay;
		};
		AA00000000000000000000CC /* PhotoGoRoundAgentAPI */ = {
			isa = XCSwiftPackageProductDependency;
			productName = PhotoGoRoundAgentAPI;
		};
		AA00000000000000000000CD /* PhotoGoRoundKit */ = {
			isa = XCSwiftPackageProductDependency;
			productName = PhotoGoRoundKit;
		};
		AA00000000000000000000CE /* Console */ = {
			isa = XCSwiftPackageProductDependency;
			productName = Console;
		};
		AA00000000000000000000DC /* PhotoGoRoundAgentAPI */ = {
			isa = XCSwiftPackageProductDependency;
			productName = PhotoGoRoundAgentAPI;
		};
		AA00000000000000000000DD /* PhotoGoRoundKit */ = {
			isa = XCSwiftPackageProductDependency;
			productName = PhotoGoRoundKit;
		};
		AA00000000000000000000DE /* Console */ = {
			isa = XCSwiftPackageProductDependency;
			productName = Console;
		};
		AA00000000000000000000EB /* PhotoGoRoundAgentAPI */ = {
			isa = XCSwiftPackageProductDependency;
			productName = PhotoGoRoundAgentAPI;
		};
		AA00000000000000000000EC /* PhotoGoRoundDisplay */ = {
			isa = XCSwiftPackageProductDependency;
			productName = PhotoGoRoundDisplay;
		};
		AA0000000000000000000A03 /* PhotoGoRoundDisplay */ = {
			isa = XCSwiftPackageProductDependency;
			productName = PhotoGoRoundDisplay;
		};
		AA000000000000000000030C /* PhotoGoRoundInstall */ = {
			isa = XCSwiftPackageProductDependency;
			productName = PhotoGoRoundInstall;
		};
		AA000000000000000000030D /* Console */ = {
			isa = XCSwiftPackageProductDependency;
			productName = Console;
		};
/* End XCSwiftPackageProductDependency section */
	};
	rootObject = 000000000000000000000000 /* Project object */;
}
